
Microsoft Visual Studio Solution File, Format Version 12.00
# Visual Studio Version 17
VisualStudioVersion = 17.11.35312.102
MinimumVisualStudioVersion = 10.0.40219.1
Project("{FAE04EC0-301F-11D3-BF4B-00C04F79EFBC}") = "HomeTask1", "HomeTask1\HomeTask1.csproj", "{7D06E833-BAA7-47E6-A327-BE133AA3DA3A}"
EndProject
Global
	GlobalSection(SolutionConfigurationPlatforms) = preSolution
		Debug|Any CPU = Debug|Any CPU
		Release|Any CPU = Release|Any CPU
	EndGlobalSection
	GlobalSection(ProjectConfigurationPlatforms) = postSolution
		{7D06E833-BAA7-47E6-A327-BE133AA3DA3A}.Debug|Any CPU.ActiveCfg = Debug|Any CPU
		{7D06E833-BAA7-47E6-A327-BE133AA3DA3A}.Debug|Any CPU.Build.0 = Debug|Any CPU
		{7D06E833-BAA7-47E6-A327-BE133AA3DA3A}.Release|Any CPU.ActiveCfg = Release|Any CPU
		{7D06E833-BAA7-47E6-A327-BE133AA3DA3A}.Release|Any CPU.Build.0 = Release|Any CPU
	EndGlobalSection
	GlobalSection(SolutionProperties) = preSolution
		HideSolutionNode = FALSE
	EndGlobalSection
	GlobalSection(ExtensibilityGlobals) = postSolution
		SolutionGuid = {9B9689AD-0FA6-4FB2-A156-F15BABD6027B}
	EndGlobalSection
EndGlobal
