
Microsoft Visual Studio Solution File, Format Version 12.00
# Visual Studio Version 17
VisualStudioVersion = 17.11.35312.102
MinimumVisualStudioVersion = 10.0.40219.1
Project("{FAE04EC0-301F-11D3-BF4B-00C04F79EFBC}") = "MainConsoleApp", "MainConsoleApp\MainConsoleApp.csproj", "{4CBB993C-BEC1-45CB-A63B-72574EE3DA7C}"
EndProject
Global
	GlobalSection(SolutionConfigurationPlatforms) = preSolution
		Debug|Any CPU = Debug|Any CPU
		Release|Any CPU = Release|Any CPU
	EndGlobalSection
	GlobalSection(ProjectConfigurationPlatforms) = postSolution
		{4CBB993C-BEC1-45CB-A63B-72574EE3DA7C}.Debug|Any CPU.ActiveCfg = Debug|Any CPU
		{4CBB993C-BEC1-45CB-A63B-72574EE3DA7C}.Debug|Any CPU.Build.0 = Debug|Any CPU
		{4CBB993C-BEC1-45CB-A63B-72574EE3DA7C}.Release|Any CPU.ActiveCfg = Release|Any CPU
		{4CBB993C-BEC1-45CB-A63B-72574EE3DA7C}.Release|Any CPU.Build.0 = Release|Any CPU
	EndGlobalSection
	GlobalSection(SolutionProperties) = preSolution
		HideSolutionNode = FALSE
	EndGlobalSection
	GlobalSection(ExtensibilityGlobals) = postSolution
		SolutionGuid = {8C3FB51B-7993-4156-8BCE-BC520F58D0A0}
	EndGlobalSection
EndGlobal
