
Microsoft Visual Studio Solution File, Format Version 12.00
# Visual Studio Version 17
VisualStudioVersion = 17.11.35312.102
MinimumVisualStudioVersion = 10.0.40219.1
Project("{FAE04EC0-301F-11D3-BF4B-00C04F79EFBC}") = "AccessModifiers", "AccessModifiers\AccessModifiers.csproj", "{8104E18C-A930-48E2-A28B-37B8D79522FE}"
EndProject
Project("{FAE04EC0-301F-11D3-BF4B-00C04F79EFBC}") = "CustomValidator", "CustomValidator\CustomValidator.csproj", "{2D5B2DB0-F992-4A8B-8F3F-8B193AB3F614}"
EndProject
Global
	GlobalSection(SolutionConfigurationPlatforms) = preSolution
		Debug|Any CPU = Debug|Any CPU
		Release|Any CPU = Release|Any CPU
	EndGlobalSection
	GlobalSection(ProjectConfigurationPlatforms) = postSolution
		{8104E18C-A930-48E2-A28B-37B8D79522FE}.Debug|Any CPU.ActiveCfg = Debug|Any CPU
		{8104E18C-A930-48E2-A28B-37B8D79522FE}.Debug|Any CPU.Build.0 = Debug|Any CPU
		{8104E18C-A930-48E2-A28B-37B8D79522FE}.Release|Any CPU.ActiveCfg = Release|Any CPU
		{8104E18C-A930-48E2-A28B-37B8D79522FE}.Release|Any CPU.Build.0 = Release|Any CPU
		{2D5B2DB0-F992-4A8B-8F3F-8B193AB3F614}.Debug|Any CPU.ActiveCfg = Debug|Any CPU
		{2D5B2DB0-F992-4A8B-8F3F-8B193AB3F614}.Debug|Any CPU.Build.0 = Debug|Any CPU
		{2D5B2DB0-F992-4A8B-8F3F-8B193AB3F614}.Release|Any CPU.ActiveCfg = Release|Any CPU
		{2D5B2DB0-F992-4A8B-8F3F-8B193AB3F614}.Release|Any CPU.Build.0 = Release|Any CPU
	EndGlobalSection
	GlobalSection(SolutionProperties) = preSolution
		HideSolutionNode = FALSE
	EndGlobalSection
	GlobalSection(ExtensibilityGlobals) = postSolution
		SolutionGuid = {5B37F659-FD8C-43E6-813D-2201E2998C09}
	EndGlobalSection
EndGlobal
